// !$*UTF8*$!
{
	archiveVersion = 1;
	classes = {
	};
	objectVersion = 45;
	objects = {

/* Begin PBXBuildFile section */
		14310F09160015A000F64299 /* AddressBook.framework in Frameworks */ = {isa = PBXBuildFile; fileRef = 14310F05160015A000F64299 /* AddressBook.framework */; };
		14310F0A160015A000F64299 /* AppKit.framework in Frameworks */ = {isa = PBXBuildFile; fileRef = 14310F06160015A000F64299 /* AppKit.framework */; };
		14310F0B160015A000F64299 /* Foundation.framework in Frameworks */ = {isa = PBXBuildFile; fileRef = 14310F07160015A000F64299 /* Foundation.framework */; };
		14310F0C160015A000F64299 /* SystemConfiguration.framework in Frameworks */ = {isa = PBXBuildFile; fileRef = 14310F08160015A000F64299 /* SystemConfiguration.framework */; };
		14310F0D160015B500F64299 /* AppKit.framework in Frameworks */ = {isa = PBXBuildFile; fileRef = 14310F06160015A000F64299 /* AppKit.framework */; };
		14310F0E160015B500F64299 /* Foundation.framework in Frameworks */ = {isa = PBXBuildFile; fileRef = 14310F07160015A000F64299 /* Foundation.framework */; };
		14310F0F160015C100F64299 /* AppKit.framework in Frameworks */ = {isa = PBXBuildFile; fileRef = 14310F06160015A000F64299 /* AppKit.framework */; };
		14310F10160015C100F64299 /* Foundation.framework in Frameworks */ = {isa = PBXBuildFile; fileRef = 14310F07160015A000F64299 /* Foundation.framework */; };
		14310F12160015ED00F64299 /* SenTestingKit.framework in Frameworks */ = {isa = PBXBuildFile; fileRef = 14310F11160015ED00F64299 /* SenTestingKit.framework */; };
		444DCB5C1417D13E00C5636D /* FeedbackReporter.xib in Resources */ = {isa = PBXBuildFile; fileRef = 444DCB5E1417D13E00C5636D /* FeedbackReporter.xib */; };
		444DCB651417D18000C5636D /* App.xib in Resources */ = {isa = PBXBuildFile; fileRef = 444DCB671417D18000C5636D /* App.xib */; };
		444DCB721417D2D800C5636D /* FeedbackReporter.strings in Resources */ = {isa = PBXBuildFile; fileRef = 444DCB701417D2D800C5636D /* FeedbackReporter.strings */; };
		9D006DF60E1438F6000B6AFC /* FRConsoleLog.m in Sources */ = {isa = PBXBuildFile; fileRef = 9D006DF50E1438F6000B6AFC /* FRConsoleLog.m */; };
		9D0EC0220DF00F250045EB76 /* FRExceptionReportingApplication.h in Headers */ = {isa = PBXBuildFile; fileRef = 9D0EC0200DF00F250045EB76 /* FRExceptionReportingApplication.h */; settings = {ATTRIBUTES = (Public, ); }; };
		9D0EC0230DF00F250045EB76 /* FRExceptionReportingApplication.m in Sources */ = {isa = PBXBuildFile; fileRef = 9D0EC0210DF00F250045EB76 /* FRExceptionReportingApplication.m */; };
		9D0EC0290DF011DB0045EB76 /* NSException+Callstack.h in Headers */ = {isa = PBXBuildFile; fileRef = 9D0EC0270DF011DB0045EB76 /* NSException+Callstack.h */; };
		9D0EC02A0DF011DB0045EB76 /* NSException+Callstack.m in Sources */ = {isa = PBXBuildFile; fileRef = 9D0EC0280DF011DB0045EB76 /* NSException+Callstack.m */; };
		9D1732470E4DE9B600DC17D6 /* FeedbackReporter.framework in Copy Frameworks */ = {isa = PBXBuildFile; fileRef = 8DC2EF5B0486A6940098B216 /* FeedbackReporter.framework */; };
		9D291E8E0DF167BB009F859B /* UploaderTestCase.m in Sources */ = {isa = PBXBuildFile; fileRef = 9D291E8D0DF167BB009F859B /* UploaderTestCase.m */; };
		9D4C743D0E33A5D000B5F3BF /* FRConsoleLog.m in Sources */ = {isa = PBXBuildFile; fileRef = 9D006DF50E1438F6000B6AFC /* FRConsoleLog.m */; };
		9DA7D6B70DEB8A7800C3B586 /* FeedbackReporter.framework in Frameworks */ = {isa = PBXBuildFile; fileRef = 8DC2EF5B0486A6940098B216 /* FeedbackReporter.framework */; };
		9DA7D6EF0DEB8E5D00C3B586 /* FRApplication.h in Headers */ = {isa = PBXBuildFile; fileRef = 9DA7D6E20DEB8E5D00C3B586 /* FRApplication.h */; };
		9DA7D6F00DEB8E5D00C3B586 /* FRApplication.m in Sources */ = {isa = PBXBuildFile; fileRef = 9DA7D6E30DEB8E5D00C3B586 /* FRApplication.m */; };
		9DA7D6F10DEB8E5D00C3B586 /* FRCommand.h in Headers */ = {isa = PBXBuildFile; fileRef = 9DA7D6E40DEB8E5D00C3B586 /* FRCommand.h */; };
		9DA7D6F20DEB8E5D00C3B586 /* FRCommand.m in Sources */ = {isa = PBXBuildFile; fileRef = 9DA7D6E50DEB8E5D00C3B586 /* FRCommand.m */; };
		9DA7D6F30DEB8E5D00C3B586 /* FRCrashLogFinder.h in Headers */ = {isa = PBXBuildFile; fileRef = 9DA7D6E60DEB8E5D00C3B586 /* FRCrashLogFinder.h */; };
		9DA7D6F40DEB8E5D00C3B586 /* FRCrashLogFinder.m in Sources */ = {isa = PBXBuildFile; fileRef = 9DA7D6E70DEB8E5D00C3B586 /* FRCrashLogFinder.m */; };
		9DA7D6F50DEB8E5D00C3B586 /* FRFeedbackController.h in Headers */ = {isa = PBXBuildFile; fileRef = 9DA7D6E80DEB8E5D00C3B586 /* FRFeedbackController.h */; };
		9DA7D6F60DEB8E5D00C3B586 /* FRFeedbackController.m in Sources */ = {isa = PBXBuildFile; fileRef = 9DA7D6E90DEB8E5D00C3B586 /* FRFeedbackController.m */; };
		9DA7D6F70DEB8E5D00C3B586 /* FRFeedbackReporter.h in Headers */ = {isa = PBXBuildFile; fileRef = 9DA7D6EA0DEB8E5D00C3B586 /* FRFeedbackReporter.h */; settings = {ATTRIBUTES = (Public, ); }; };
		9DA7D6F80DEB8E5D00C3B586 /* FRFeedbackReporter.m in Sources */ = {isa = PBXBuildFile; fileRef = 9DA7D6EB0DEB8E5D00C3B586 /* FRFeedbackReporter.m */; };
		9DA7D6FA0DEB8E5D00C3B586 /* FRUploader.h in Headers */ = {isa = PBXBuildFile; fileRef = 9DA7D6ED0DEB8E5D00C3B586 /* FRUploader.h */; };
		9DA7D6FB0DEB8E5D00C3B586 /* FRUploader.m in Sources */ = {isa = PBXBuildFile; fileRef = 9DA7D6EE0DEB8E5D00C3B586 /* FRUploader.m */; };
		9DA7D6FF0DEB8E9100C3B586 /* CommandTestCase.m in Sources */ = {isa = PBXBuildFile; fileRef = 9DA7D6FD0DEB8E9100C3B586 /* CommandTestCase.m */; };
		9DB634F20E4DD6F500C72888 /* FeedbackReporter.framework in Frameworks */ = {isa = PBXBuildFile; fileRef = 8DC2EF5B0486A6940098B216 /* FeedbackReporter.framework */; };
		9DB6351E0E4DD9BE00C72888 /* main.m in Sources */ = {isa = PBXBuildFile; fileRef = 9DB6351D0E4DD9BE00C72888 /* main.m */; };
		9DB6353C0E4DDCB700C72888 /* AppController.m in Sources */ = {isa = PBXBuildFile; fileRef = 9DB6353A0E4DDCB700C72888 /* AppController.m */; };
		9DCF52A90DEC0D8A00EBF810 /* SystemProfileTestCase.m in Sources */ = {isa = PBXBuildFile; fileRef = 9DCF52A80DEC0D8A00EBF810 /* SystemProfileTestCase.m */; };
		9DCF52AC0DEC0E4300EBF810 /* FRSystemProfile.h in Headers */ = {isa = PBXBuildFile; fileRef = 9DCF52AA0DEC0E4300EBF810 /* FRSystemProfile.h */; };
		9DCF52AD0DEC0E4300EBF810 /* FRSystemProfile.m in Sources */ = {isa = PBXBuildFile; fileRef = 9DCF52AB0DEC0E4300EBF810 /* FRSystemProfile.m */; };
		FC369CBB1100D505004C27F8 /* NSMutableDictionary+Additions.h in Headers */ = {isa = PBXBuildFile; fileRef = FC369CB91100D505004C27F8 /* NSMutableDictionary+Additions.h */; };
		FC369CBC1100D505004C27F8 /* NSMutableDictionary+Additions.m in Sources */ = {isa = PBXBuildFile; fileRef = FC369CBA1100D505004C27F8 /* NSMutableDictionary+Additions.m */; };
/* End PBXBuildFile section */

/* Begin PBXContainerItemProxy section */
		9DA7D6B50DEB8A7000C3B586 /* PBXContainerItemProxy */ = {
			isa = PBXContainerItemProxy;
			containerPortal = 0867D690FE84028FC02AAC07 /* Project object */;
			proxyType = 1;
			remoteGlobalIDString = 8DC2EF4F0486A6940098B216;
			remoteInfo = FeedbackReporter;
		};
		9DB634EE0E4DD6E300C72888 /* PBXContainerItemProxy */ = {
			isa = PBXContainerItemProxy;
			containerPortal = 0867D690FE84028FC02AAC07 /* Project object */;
			proxyType = 1;
			remoteGlobalIDString = 8DC2EF4F0486A6940098B216;
			remoteInfo = FeedbackReporter;
		};
/* End PBXContainerItemProxy section */

/* Begin PBXCopyFilesBuildPhase section */
		9DB6355E0E4DE10D00C72888 /* Copy Frameworks */ = {
			isa = PBXCopyFilesBuildPhase;
			buildActionMask = 2147483647;
			dstPath = "";
			dstSubfolderSpec = 10;
			files = (
				9D1732470E4DE9B600DC17D6 /* FeedbackReporter.framework in Copy Frameworks */,
			);
			name = "Copy Frameworks";
			runOnlyForDeploymentPostprocessing = 0;
		};
/* End PBXCopyFilesBuildPhase section */

/* Begin PBXFileReference section */
		14310F05160015A000F64299 /* AddressBook.framework */ = {isa = PBXFileReference; lastKnownFileType = wrapper.framework; name = AddressBook.framework; path = System/Library/Frameworks/AddressBook.framework; sourceTree = SDKROOT; };
		14310F06160015A000F64299 /* AppKit.framework */ = {isa = PBXFileReference; lastKnownFileType = wrapper.framework; name = AppKit.framework; path = System/Library/Frameworks/AppKit.framework; sourceTree = SDKROOT; };
		14310F07160015A000F64299 /* Foundation.framework */ = {isa = PBXFileReference; lastKnownFileType = wrapper.framework; name = Foundation.framework; path = System/Library/Frameworks/Foundation.framework; sourceTree = SDKROOT; };
		14310F08160015A000F64299 /* SystemConfiguration.framework */ = {isa = PBXFileReference; lastKnownFileType = wrapper.framework; name = SystemConfiguration.framework; path = System/Library/Frameworks/SystemConfiguration.framework; sourceTree = SDKROOT; };
		14310F11160015ED00F64299 /* SenTestingKit.framework */ = {isa = PBXFileReference; lastKnownFileType = wrapper.framework; name = SenTestingKit.framework; path = Library/Frameworks/SenTestingKit.framework; sourceTree = DEVELOPER_DIR; };
		444DCB5D1417D13E00C5636D /* en */ = {isa = PBXFileReference; lastKnownFileType = file.xib; name = en; path = en.lproj/FeedbackReporter.xib; sourceTree = "<group>"; };
		444DCB5F1417D16B00C5636D /* de */ = {isa = PBXFileReference; lastKnownFileType = file.xib; name = de; path = de.lproj/FeedbackReporter.xib; sourceTree = "<group>"; };
		444DCB601417D16D00C5636D /* ru */ = {isa = PBXFileReference; lastKnownFileType = file.xib; name = ru; path = ru.lproj/FeedbackReporter.xib; sourceTree = "<group>"; };
		444DCB611417D16F00C5636D /* it */ = {isa = PBXFileReference; lastKnownFileType = file.xib; name = it; path = it.lproj/FeedbackReporter.xib; sourceTree = "<group>"; };
		444DCB621417D17100C5636D /* hy */ = {isa = PBXFileReference; lastKnownFileType = file.xib; name = hy; path = hy.lproj/FeedbackReporter.xib; sourceTree = "<group>"; };
		444DCB631417D17300C5636D /* fr */ = {isa = PBXFileReference; lastKnownFileType = file.xib; name = fr; path = fr.lproj/FeedbackReporter.xib; sourceTree = "<group>"; };
		444DCB641417D17500C5636D /* es */ = {isa = PBXFileReference; lastKnownFileType = file.xib; name = es; path = es.lproj/FeedbackReporter.xib; sourceTree = "<group>"; };
		444DCB661417D18000C5636D /* en */ = {isa = PBXFileReference; lastKnownFileType = file.xib; name = en; path = en.lproj/App.xib; sourceTree = "<group>"; };
		444DCB6F1417D21300C5636D /* ar */ = {isa = PBXFileReference; lastKnownFileType = file.xib; name = ar; path = ar.lproj/FeedbackReporter.xib; sourceTree = "<group>"; };
		444DCB711417D2D800C5636D /* de */ = {isa = PBXFileReference; lastKnownFileType = text.plist.strings; name = de; path = Resources/de.lproj/FeedbackReporter.strings; sourceTree = "<group>"; };
		444DCB731417D2E100C5636D /* en */ = {isa = PBXFileReference; lastKnownFileType = text.plist.strings; name = en; path = Resources/en.lproj/FeedbackReporter.strings; sourceTree = "<group>"; };
		444DCB751417D2E900C5636D /* es */ = {isa = PBXFileReference; lastKnownFileType = text.plist.strings; name = es; path = Resources/es.lproj/FeedbackReporter.strings; sourceTree = "<group>"; };
		444DCB771417D2F100C5636D /* fr */ = {isa = PBXFileReference; lastKnownFileType = text.plist.strings; name = fr; path = Resources/fr.lproj/FeedbackReporter.strings; sourceTree = "<group>"; };
		444DCB791417D2F800C5636D /* hy */ = {isa = PBXFileReference; lastKnownFileType = text.plist.strings; name = hy; path = Resources/hy.lproj/FeedbackReporter.strings; sourceTree = "<group>"; };
		444DCB7B1417D30300C5636D /* it */ = {isa = PBXFileReference; lastKnownFileType = text.plist.strings; name = it; path = Resources/it.lproj/FeedbackReporter.strings; sourceTree = "<group>"; };
		444DCB7D1417D30B00C5636D /* ru */ = {isa = PBXFileReference; lastKnownFileType = text.plist.strings; name = ru; path = Resources/ru.lproj/FeedbackReporter.strings; sourceTree = "<group>"; };
		444DCB7F1417D39100C5636D /* ar */ = {isa = PBXFileReference; lastKnownFileType = text.plist.strings; name = ar; path = Resources/ar.lproj/FeedbackReporter.strings; sourceTree = "<group>"; };
		8DC2EF5B0486A6940098B216 /* FeedbackReporter.framework */ = {isa = PBXFileReference; explicitFileType = wrapper.framework; includeInIndex = 0; path = FeedbackReporter.framework; sourceTree = BUILT_PRODUCTS_DIR; };
		9D006DF40E1438F6000B6AFC /* FRConsoleLog.h */ = {isa = PBXFileReference; fileEncoding = 4; lastKnownFileType = sourcecode.c.h; name = FRConsoleLog.h; path = Sources/Main/FRConsoleLog.h; sourceTree = "<group>"; };
		9D006DF50E1438F6000B6AFC /* FRConsoleLog.m */ = {isa = PBXFileReference; fileEncoding = 4; lastKnownFileType = sourcecode.c.objc; name = FRConsoleLog.m; path = Sources/Main/FRConsoleLog.m; sourceTree = "<group>"; };
		9D0EC0200DF00F250045EB76 /* FRExceptionReportingApplication.h */ = {isa = PBXFileReference; fileEncoding = 4; lastKnownFileType = sourcecode.c.h; name = FRExceptionReportingApplication.h; path = Sources/Main/FRExceptionReportingApplication.h; sourceTree = "<group>"; };
		9D0EC0210DF00F250045EB76 /* FRExceptionReportingApplication.m */ = {isa = PBXFileReference; fileEncoding = 4; lastKnownFileType = sourcecode.c.objc; name = FRExceptionReportingApplication.m; path = Sources/Main/FRExceptionReportingApplication.m; sourceTree = "<group>"; };
		9D0EC0270DF011DB0045EB76 /* NSException+Callstack.h */ = {isa = PBXFileReference; fileEncoding = 4; lastKnownFileType = sourcecode.c.h; name = "NSException+Callstack.h"; path = "Sources/Main/NSException+Callstack.h"; sourceTree = "<group>"; };
		9D0EC0280DF011DB0045EB76 /* NSException+Callstack.m */ = {isa = PBXFileReference; fileEncoding = 4; lastKnownFileType = sourcecode.c.objc; name = "NSException+Callstack.m"; path = "Sources/Main/NSException+Callstack.m"; sourceTree = "<group>"; };
		9D291E8C0DF167BB009F859B /* UploaderTestCase.h */ = {isa = PBXFileReference; fileEncoding = 4; lastKnownFileType = sourcecode.c.h; name = UploaderTestCase.h; path = Sources/Tests/UploaderTestCase.h; sourceTree = "<group>"; };
		9D291E8D0DF167BB009F859B /* UploaderTestCase.m */ = {isa = PBXFileReference; fileEncoding = 4; lastKnownFileType = sourcecode.c.objc; name = UploaderTestCase.m; path = Sources/Tests/UploaderTestCase.m; sourceTree = "<group>"; };
		9D5FB36B0E0B269900CF1BE0 /* FRConstants.h */ = {isa = PBXFileReference; explicitFileType = sourcecode.c.h; fileEncoding = 4; name = FRConstants.h; path = Sources/Main/FRConstants.h; sourceTree = "<group>"; };
		9D90077A0DEB96C10000330E /* Info.plist */ = {isa = PBXFileReference; fileEncoding = 4; lastKnownFileType = text.plist.xml; name = Info.plist; path = Sources/Main/Info.plist; sourceTree = "<group>"; };
		9D90077F0DEB96D40000330E /* Tests-Info.plist */ = {isa = PBXFileReference; fileEncoding = 4; lastKnownFileType = text.plist.xml; name = "Tests-Info.plist"; path = "Sources/Tests/Tests-Info.plist"; sourceTree = SOURCE_ROOT; };
		9DA7D6B10DEB8A3500C3B586 /* Tests.octest */ = {isa = PBXFileReference; explicitFileType = wrapper.cfbundle; includeInIndex = 0; path = Tests.octest; sourceTree = BUILT_PRODUCTS_DIR; };
		9DA7D6E20DEB8E5D00C3B586 /* FRApplication.h */ = {isa = PBXFileReference; fileEncoding = 4; lastKnownFileType = sourcecode.c.h; name = FRApplication.h; path = Sources/Main/FRApplication.h; sourceTree = "<group>"; };
		9DA7D6E30DEB8E5D00C3B586 /* FRApplication.m */ = {isa = PBXFileReference; fileEncoding = 4; lastKnownFileType = sourcecode.c.objc; name = FRApplication.m; path = Sources/Main/FRApplication.m; sourceTree = "<group>"; };
		9DA7D6E40DEB8E5D00C3B586 /* FRCommand.h */ = {isa = PBXFileReference; fileEncoding = 4; lastKnownFileType = sourcecode.c.h; name = FRCommand.h; path = Sources/Main/FRCommand.h; sourceTree = "<group>"; };
		9DA7D6E50DEB8E5D00C3B586 /* FRCommand.m */ = {isa = PBXFileReference; fileEncoding = 4; lastKnownFileType = sourcecode.c.objc; name = FRCommand.m; path = Sources/Main/FRCommand.m; sourceTree = "<group>"; };
		9DA7D6E60DEB8E5D00C3B586 /* FRCrashLogFinder.h */ = {isa = PBXFileReference; fileEncoding = 4; lastKnownFileType = sourcecode.c.h; name = FRCrashLogFinder.h; path = Sources/Main/FRCrashLogFinder.h; sourceTree = "<group>"; };
		9DA7D6E70DEB8E5D00C3B586 /* FRCrashLogFinder.m */ = {isa = PBXFileReference; fileEncoding = 4; lastKnownFileType = sourcecode.c.objc; name = FRCrashLogFinder.m; path = Sources/Main/FRCrashLogFinder.m; sourceTree = "<group>"; };
		9DA7D6E80DEB8E5D00C3B586 /* FRFeedbackController.h */ = {isa = PBXFileReference; fileEncoding = 4; lastKnownFileType = sourcecode.c.h; name = FRFeedbackController.h; path = Sources/Main/FRFeedbackController.h; sourceTree = "<group>"; };
		9DA7D6E90DEB8E5D00C3B586 /* FRFeedbackController.m */ = {isa = PBXFileReference; fileEncoding = 4; lastKnownFileType = sourcecode.c.objc; name = FRFeedbackController.m; path = Sources/Main/FRFeedbackController.m; sourceTree = "<group>"; };
		9DA7D6EA0DEB8E5D00C3B586 /* FRFeedbackReporter.h */ = {isa = PBXFileReference; fileEncoding = 4; lastKnownFileType = sourcecode.c.h; name = FRFeedbackReporter.h; path = Sources/Main/FRFeedbackReporter.h; sourceTree = "<group>"; };
		9DA7D6EB0DEB8E5D00C3B586 /* FRFeedbackReporter.m */ = {isa = PBXFileReference; fileEncoding = 4; lastKnownFileType = sourcecode.c.objc; name = FRFeedbackReporter.m; path = Sources/Main/FRFeedbackReporter.m; sourceTree = "<group>"; };
		9DA7D6ED0DEB8E5D00C3B586 /* FRUploader.h */ = {isa = PBXFileReference; fileEncoding = 4; lastKnownFileType = sourcecode.c.h; name = FRUploader.h; path = Sources/Main/FRUploader.h; sourceTree = "<group>"; };
		9DA7D6EE0DEB8E5D00C3B586 /* FRUploader.m */ = {isa = PBXFileReference; fileEncoding = 4; lastKnownFileType = sourcecode.c.objc; name = FRUploader.m; path = Sources/Main/FRUploader.m; sourceTree = "<group>"; };
		9DA7D6FC0DEB8E9100C3B586 /* CommandTestCase.h */ = {isa = PBXFileReference; fileEncoding = 4; lastKnownFileType = sourcecode.c.h; name = CommandTestCase.h; path = Sources/Tests/CommandTestCase.h; sourceTree = "<group>"; };
		9DA7D6FD0DEB8E9100C3B586 /* CommandTestCase.m */ = {isa = PBXFileReference; fileEncoding = 4; lastKnownFileType = sourcecode.c.objc; name = CommandTestCase.m; path = Sources/Tests/CommandTestCase.m; sourceTree = "<group>"; };
		9DB634E30E4DD64C00C72888 /* App.app */ = {isa = PBXFileReference; explicitFileType = wrapper.application; includeInIndex = 0; path = App.app; sourceTree = BUILT_PRODUCTS_DIR; };
		9DB634E70E4DD64C00C72888 /* Info.plist */ = {isa = PBXFileReference; lastKnownFileType = text.plist.xml; name = Info.plist; path = Sources/App/Info.plist; sourceTree = "<group>"; };
		9DB6351D0E4DD9BE00C72888 /* main.m */ = {isa = PBXFileReference; fileEncoding = 4; lastKnownFileType = sourcecode.c.objc; name = main.m; path = Sources/App/main.m; sourceTree = "<group>"; };
		9DB6353A0E4DDCB700C72888 /* AppController.m */ = {isa = PBXFileReference; fileEncoding = 4; lastKnownFileType = sourcecode.c.objc; name = AppController.m; path = Sources/App/AppController.m; sourceTree = SOURCE_ROOT; };
		9DB6353B0E4DDCB700C72888 /* AppController.h */ = {isa = PBXFileReference; fileEncoding = 4; lastKnownFileType = sourcecode.c.h; name = AppController.h; path = Sources/App/AppController.h; sourceTree = SOURCE_ROOT; };
		9DC077900E4CE75E00014424 /* FeedbackReporter.pch */ = {isa = PBXFileReference; fileEncoding = 4; lastKnownFileType = sourcecode.c.h; name = FeedbackReporter.pch; path = Sources/Main/FeedbackReporter.pch; sourceTree = "<group>"; };
		9DCF52A70DEC0D8A00EBF810 /* SystemProfileTestCase.h */ = {isa = PBXFileReference; fileEncoding = 4; lastKnownFileType = sourcecode.c.h; name = SystemProfileTestCase.h; path = Sources/Tests/SystemProfileTestCase.h; sourceTree = "<group>"; };
		9DCF52A80DEC0D8A00EBF810 /* SystemProfileTestCase.m */ = {isa = PBXFileReference; fileEncoding = 4; lastKnownFileType = sourcecode.c.objc; name = SystemProfileTestCase.m; path = Sources/Tests/SystemProfileTestCase.m; sourceTree = "<group>"; };
		9DCF52AA0DEC0E4300EBF810 /* FRSystemProfile.h */ = {isa = PBXFileReference; fileEncoding = 4; lastKnownFileType = sourcecode.c.h; name = FRSystemProfile.h; path = Sources/Main/FRSystemProfile.h; sourceTree = "<group>"; };
		9DCF52AB0DEC0E4300EBF810 /* FRSystemProfile.m */ = {isa = PBXFileReference; fileEncoding = 4; lastKnownFileType = sourcecode.c.objc; name = FRSystemProfile.m; path = Sources/Main/FRSystemProfile.m; sourceTree = "<group>"; };
		FC369CB91100D505004C27F8 /* NSMutableDictionary+Additions.h */ = {isa = PBXFileReference; fileEncoding = 4; lastKnownFileType = sourcecode.c.h; name = "NSMutableDictionary+Additions.h"; path = "Sources/Main/NSMutableDictionary+Additions.h"; sourceTree = "<group>"; };
		FC369CBA1100D505004C27F8 /* NSMutableDictionary+Additions.m */ = {isa = PBXFileReference; fileEncoding = 4; lastKnownFileType = sourcecode.c.objc; name = "NSMutableDictionary+Additions.m"; path = "Sources/Main/NSMutableDictionary+Additions.m"; sourceTree = "<group>"; };
/* End PBXFileReference section */

/* Begin PBXFrameworksBuildPhase section */
		8DC2EF560486A6940098B216 /* Frameworks */ = {
			isa = PBXFrameworksBuildPhase;
			buildActionMask = 2147483647;
			files = (
				14310F09160015A000F64299 /* AddressBook.framework in Frameworks */,
				14310F0A160015A000F64299 /* AppKit.framework in Frameworks */,
				14310F0B160015A000F64299 /* Foundation.framework in Frameworks */,
				14310F0C160015A000F64299 /* SystemConfiguration.framework in Frameworks */,
			);
			runOnlyForDeploymentPostprocessing = 0;
		};
		9DA7D6AE0DEB8A3500C3B586 /* Frameworks */ = {
			isa = PBXFrameworksBuildPhase;
			buildActionMask = 2147483647;
			files = (
				14310F12160015ED00F64299 /* SenTestingKit.framework in Frameworks */,
				14310F0D160015B500F64299 /* AppKit.framework in Frameworks */,
				14310F0E160015B500F64299 /* Foundation.framework in Frameworks */,
				9DA7D6B70DEB8A7800C3B586 /* FeedbackReporter.framework in Frameworks */,
			);
			runOnlyForDeploymentPostprocessing = 0;
		};
		9DB634E10E4DD64C00C72888 /* Frameworks */ = {
			isa = PBXFrameworksBuildPhase;
			buildActionMask = 2147483647;
			files = (
				14310F0F160015C100F64299 /* AppKit.framework in Frameworks */,
				14310F10160015C100F64299 /* Foundation.framework in Frameworks */,
				9DB634F20E4DD6F500C72888 /* FeedbackReporter.framework in Frameworks */,
			);
			runOnlyForDeploymentPostprocessing = 0;
		};
/* End PBXFrameworksBuildPhase section */

/* Begin PBXGroup section */
		034768DFFF38A50411DB9C8B /* Products */ = {
			isa = PBXGroup;
			children = (
				8DC2EF5B0486A6940098B216 /* FeedbackReporter.framework */,
				9DA7D6B10DEB8A3500C3B586 /* Tests.octest */,
				9DB634E30E4DD64C00C72888 /* App.app */,
			);
			name = Products;
			sourceTree = "<group>";
		};
		0867D691FE84028FC02AAC07 /* FeedbackReporter */ = {
			isa = PBXGroup;
			children = (
				9DD9DDEB0E4125460054105A /* App */,
				9DA7D6900DEB87B300C3B586 /* Tests */,
				08FB77AEFE84172EC02AAC07 /* Main */,
				089C1665FE841158C02AAC07 /* Resources */,
				0867D69AFE84028FC02AAC07 /* Frameworks */,
				034768DFFF38A50411DB9C8B /* Products */,
			);
			name = FeedbackReporter;
			sourceTree = "<group>";
		};
		0867D69AFE84028FC02AAC07 /* Frameworks */ = {
			isa = PBXGroup;
			children = (
				14310F05160015A000F64299 /* AddressBook.framework */,
				14310F06160015A000F64299 /* AppKit.framework */,
				14310F07160015A000F64299 /* Foundation.framework */,
				14310F11160015ED00F64299 /* SenTestingKit.framework */,
				14310F08160015A000F64299 /* SystemConfiguration.framework */,
			);
			name = Frameworks;
			sourceTree = "<group>";
		};
		089C1665FE841158C02AAC07 /* Resources */ = {
			isa = PBXGroup;
			children = (
				444DCB701417D2D800C5636D /* FeedbackReporter.strings */,
				444DCB671417D18000C5636D /* App.xib */,
				444DCB5E1417D13E00C5636D /* FeedbackReporter.xib */,
			);
			name = Resources;
			sourceTree = "<group>";
		};
		08FB77AEFE84172EC02AAC07 /* Main */ = {
			isa = PBXGroup;
			children = (
				9D543DD60EEDB79900B2B36B /* Exported */,
				9D1715581100E262007E738D /* Additions */,
				9DA7D6E20DEB8E5D00C3B586 /* FRApplication.h */,
				9DA7D6E30DEB8E5D00C3B586 /* FRApplication.m */,
				9DA7D6E40DEB8E5D00C3B586 /* FRCommand.h */,
				9DA7D6E50DEB8E5D00C3B586 /* FRCommand.m */,
				9D006DF40E1438F6000B6AFC /* FRConsoleLog.h */,
				9D006DF50E1438F6000B6AFC /* FRConsoleLog.m */,
				9DA7D6E60DEB8E5D00C3B586 /* FRCrashLogFinder.h */,
				9DA7D6E70DEB8E5D00C3B586 /* FRCrashLogFinder.m */,
				9DCF52AA0DEC0E4300EBF810 /* FRSystemProfile.h */,
				9DCF52AB0DEC0E4300EBF810 /* FRSystemProfile.m */,
				9DA7D6E80DEB8E5D00C3B586 /* FRFeedbackController.h */,
				9DA7D6E90DEB8E5D00C3B586 /* FRFeedbackController.m */,
				9DA7D6ED0DEB8E5D00C3B586 /* FRUploader.h */,
				9DA7D6EE0DEB8E5D00C3B586 /* FRUploader.m */,
				9D5FB36B0E0B269900CF1BE0 /* FRConstants.h */,
				9D90077A0DEB96C10000330E /* Info.plist */,
				9DC077900E4CE75E00014424 /* FeedbackReporter.pch */,
			);
			name = Main;
			sourceTree = "<group>";
		};
		9D1715581100E262007E738D /* Additions */ = {
			isa = PBXGroup;
			children = (
				9D0EC0270DF011DB0045EB76 /* NSException+Callstack.h */,
				9D0EC0280DF011DB0045EB76 /* NSException+Callstack.m */,
				FC369CB91100D505004C27F8 /* NSMutableDictionary+Additions.h */,
				FC369CBA1100D505004C27F8 /* NSMutableDictionary+Additions.m */,
			);
			name = Additions;
			sourceTree = "<group>";
		};
		9D543DD60EEDB79900B2B36B /* Exported */ = {
			isa = PBXGroup;
			children = (
				9DA7D6EA0DEB8E5D00C3B586 /* FRFeedbackReporter.h */,
				9DA7D6EB0DEB8E5D00C3B586 /* FRFeedbackReporter.m */,
				9D0EC0200DF00F250045EB76 /* FRExceptionReportingApplication.h */,
				9D0EC0210DF00F250045EB76 /* FRExceptionReportingApplication.m */,
			);
			name = Exported;
			sourceTree = "<group>";
		};
		9DA7D6900DEB87B300C3B586 /* Tests */ = {
			isa = PBXGroup;
			children = (
				9DA7D6FC0DEB8E9100C3B586 /* CommandTestCase.h */,
				9DA7D6FD0DEB8E9100C3B586 /* CommandTestCase.m */,
				9DCF52A70DEC0D8A00EBF810 /* SystemProfileTestCase.h */,
				9DCF52A80DEC0D8A00EBF810 /* SystemProfileTestCase.m */,
				9D291E8C0DF167BB009F859B /* UploaderTestCase.h */,
				9D291E8D0DF167BB009F859B /* UploaderTestCase.m */,
				9D90077F0DEB96D40000330E /* Tests-Info.plist */,
			);
			name = Tests;
			sourceTree = "<group>";
		};
		9DD9DDEB0E4125460054105A /* App */ = {
			isa = PBXGroup;
			children = (
				9DB6353B0E4DDCB700C72888 /* AppController.h */,
				9DB6353A0E4DDCB700C72888 /* AppController.m */,
				9DB6351D0E4DD9BE00C72888 /* main.m */,
				9DB634E70E4DD64C00C72888 /* Info.plist */,
			);
			name = App;
			sourceTree = "<group>";
		};
/* End PBXGroup section */

/* Begin PBXHeadersBuildPhase section */
		8DC2EF500486A6940098B216 /* Headers */ = {
			isa = PBXHeadersBuildPhase;
			buildActionMask = 2147483647;
			files = (
				9DA7D6EF0DEB8E5D00C3B586 /* FRApplication.h in Headers */,
				9DA7D6F10DEB8E5D00C3B586 /* FRCommand.h in Headers */,
				9DA7D6F30DEB8E5D00C3B586 /* FRCrashLogFinder.h in Headers */,
				9DA7D6F50DEB8E5D00C3B586 /* FRFeedbackController.h in Headers */,
				9DA7D6F70DEB8E5D00C3B586 /* FRFeedbackReporter.h in Headers */,
				9DA7D6FA0DEB8E5D00C3B586 /* FRUploader.h in Headers */,
				9DCF52AC0DEC0E4300EBF810 /* FRSystemProfile.h in Headers */,
				9D0EC0220DF00F250045EB76 /* FRExceptionReportingApplication.h in Headers */,
				9D0EC0290DF011DB0045EB76 /* NSException+Callstack.h in Headers */,
				FC369CBB1100D505004C27F8 /* NSMutableDictionary+Additions.h in Headers */,
			);
			runOnlyForDeploymentPostprocessing = 0;
		};
/* End PBXHeadersBuildPhase section */

/* Begin PBXNativeTarget section */
		8DC2EF4F0486A6940098B216 /* FeedbackReporter */ = {
			isa = PBXNativeTarget;
			buildConfigurationList = 1DEB91AD08733DA50010E9CD /* Build configuration list for PBXNativeTarget "FeedbackReporter" */;
			buildPhases = (
				8DC2EF500486A6940098B216 /* Headers */,
				8DC2EF520486A6940098B216 /* Resources */,
				8DC2EF540486A6940098B216 /* Sources */,
				8DC2EF560486A6940098B216 /* Frameworks */,
			);
			buildRules = (
			);
			dependencies = (
			);
			name = FeedbackReporter;
			productInstallPath = "$(HOME)/Library/Frameworks";
			productName = FeedbackReporter;
			productReference = 8DC2EF5B0486A6940098B216 /* FeedbackReporter.framework */;
			productType = "com.apple.product-type.framework";
		};
		9DA7D6B00DEB8A3500C3B586 /* Tests */ = {
			isa = PBXNativeTarget;
			buildConfigurationList = 9DA7D6B40DEB8A6400C3B586 /* Build configuration list for PBXNativeTarget "Tests" */;
			buildPhases = (
				9DA7D6AC0DEB8A3500C3B586 /* Resources */,
				9DA7D6AD0DEB8A3500C3B586 /* Sources */,
				9DA7D6AE0DEB8A3500C3B586 /* Frameworks */,
				9DA7D6AF0DEB8A3500C3B586 /* ShellScript */,
			);
			buildRules = (
			);
			dependencies = (
				9DA7D6B60DEB8A7000C3B586 /* PBXTargetDependency */,
			);
			name = Tests;
			productName = Tests;
			productReference = 9DA7D6B10DEB8A3500C3B586 /* Tests.octest */;
			productType = "com.apple.product-type.bundle";
		};
		9DB634E20E4DD64C00C72888 /* App */ = {
			isa = PBXNativeTarget;
			buildConfigurationList = 9DB634EA0E4DD64D00C72888 /* Build configuration list for PBXNativeTarget "App" */;
			buildPhases = (
				9DB634DF0E4DD64C00C72888 /* Resources */,
				9DB634E00E4DD64C00C72888 /* Sources */,
				9DB634E10E4DD64C00C72888 /* Frameworks */,
				9DB6355E0E4DE10D00C72888 /* Copy Frameworks */,
			);
			buildRules = (
			);
			dependencies = (
				9DB634EF0E4DD6E300C72888 /* PBXTargetDependency */,
			);
			name = App;
			productName = App;
			productReference = 9DB634E30E4DD64C00C72888 /* App.app */;
			productType = "com.apple.product-type.application";
		};
/* End PBXNativeTarget section */

/* Begin PBXProject section */
		0867D690FE84028FC02AAC07 /* Project object */ = {
			isa = PBXProject;
			attributes = {
				LastUpgradeCheck = 0410;
			};
			buildConfigurationList = 1DEB91B108733DA50010E9CD /* Build configuration list for PBXProject "FeedbackReporter" */;
			compatibilityVersion = "Xcode 3.1";
			hasScannedForEncodings = 1;
			knownRegions = (
				English,
				Japanese,
				French,
				German,
				Russian,
				Armenian,
				Italian,
				Spanish,
				de,
				ru,
				it,
				hy,
				fr,
				es,
				ar,
				en,
			);
			mainGroup = 0867D691FE84028FC02AAC07 /* FeedbackReporter */;
			productRefGroup = 034768DFFF38A50411DB9C8B /* Products */;
			projectDirPath = "";
			projectRoot = "";
			targets = (
				8DC2EF4F0486A6940098B216 /* FeedbackReporter */,
				9DA7D6B00DEB8A3500C3B586 /* Tests */,
				9DB634E20E4DD64C00C72888 /* App */,
			);
		};
/* End PBXProject section */

/* Begin PBXResourcesBuildPhase section */
		8DC2EF520486A6940098B216 /* Resources */ = {
			isa = PBXResourcesBuildPhase;
			buildActionMask = 2147483647;
			files = (
				444DCB5C1417D13E00C5636D /* FeedbackReporter.xib in Resources */,
				444DCB721417D2D800C5636D /* FeedbackReporter.strings in Resources */,
			);
			runOnlyForDeploymentPostprocessing = 0;
		};
		9DA7D6AC0DEB8A3500C3B586 /* Resources */ = {
			isa = PBXResourcesBuildPhase;
			buildActionMask = 2147483647;
			files = (
			);
			runOnlyForDeploymentPostprocessing = 0;
		};
		9DB634DF0E4DD64C00C72888 /* Resources */ = {
			isa = PBXResourcesBuildPhase;
			buildActionMask = 2147483647;
			files = (
				444DCB651417D18000C5636D /* App.xib in Resources */,
			);
			runOnlyForDeploymentPostprocessing = 0;
		};
/* End PBXResourcesBuildPhase section */

/* Begin PBXShellScriptBuildPhase section */
		9DA7D6AF0DEB8A3500C3B586 /* ShellScript */ = {
			isa = PBXShellScriptBuildPhase;
			buildActionMask = 2147483647;
			files = (
			);
			inputPaths = (
			);
			outputPaths = (
			);
			runOnlyForDeploymentPostprocessing = 0;
			shellPath = /bin/sh;
			shellScript = "# Run the unit tests in this test bundle.\n\nif [ -x '/Applications/OCRunner.app' ]; then\n\topen \"ocrunner://${TARGET_BUILD_DIR}/${PRODUCT_NAME}.octest\"\nelse\n\t\"${SYSTEM_DEVELOPER_DIR}/Tools/RunUnitTests\"\nfi";
			showEnvVarsInLog = 0;
		};
/* End PBXShellScriptBuildPhase section */

/* Begin PBXSourcesBuildPhase section */
		8DC2EF540486A6940098B216 /* Sources */ = {
			isa = PBXSourcesBuildPhase;
			buildActionMask = 2147483647;
			files = (
				9DA7D6F00DEB8E5D00C3B586 /* FRApplication.m in Sources */,
				9DA7D6F20DEB8E5D00C3B586 /* FRCommand.m in Sources */,
				9D4C743D0E33A5D000B5F3BF /* FRConsoleLog.m in Sources */,
				9DA7D6F40DEB8E5D00C3B586 /* FRCrashLogFinder.m in Sources */,
				9DCF52AD0DEC0E4300EBF810 /* FRSystemProfile.m in Sources */,
				9DA7D6F60DEB8E5D00C3B586 /* FRFeedbackController.m in Sources */,
				9DA7D6FB0DEB8E5D00C3B586 /* FRUploader.m in Sources */,
				9DA7D6F80DEB8E5D00C3B586 /* FRFeedbackReporter.m in Sources */,
				9D0EC0230DF00F250045EB76 /* FRExceptionReportingApplication.m in Sources */,
				9D0EC02A0DF011DB0045EB76 /* NSException+Callstack.m in Sources */,
				FC369CBC1100D505004C27F8 /* NSMutableDictionary+Additions.m in Sources */,
			);
			runOnlyForDeploymentPostprocessing = 0;
		};
		9DA7D6AD0DEB8A3500C3B586 /* Sources */ = {
			isa = PBXSourcesBuildPhase;
			buildActionMask = 2147483647;
			files = (
				9DA7D6FF0DEB8E9100C3B586 /* CommandTestCase.m in Sources */,
				9DCF52A90DEC0D8A00EBF810 /* SystemProfileTestCase.m in Sources */,
				9D291E8E0DF167BB009F859B /* UploaderTestCase.m in Sources */,
				9D006DF60E1438F6000B6AFC /* FRConsoleLog.m in Sources */,
			);
			runOnlyForDeploymentPostprocessing = 0;
		};
		9DB634E00E4DD64C00C72888 /* Sources */ = {
			isa = PBXSourcesBuildPhase;
			buildActionMask = 2147483647;
			files = (
				9DB6351E0E4DD9BE00C72888 /* main.m in Sources */,
				9DB6353C0E4DDCB700C72888 /* AppController.m in Sources */,
			);
			runOnlyForDeploymentPostprocessing = 0;
		};
/* End PBXSourcesBuildPhase section */

/* Begin PBXTargetDependency section */
		9DA7D6B60DEB8A7000C3B586 /* PBXTargetDependency */ = {
			isa = PBXTargetDependency;
			target = 8DC2EF4F0486A6940098B216 /* FeedbackReporter */;
			targetProxy = 9DA7D6B50DEB8A7000C3B586 /* PBXContainerItemProxy */;
		};
		9DB634EF0E4DD6E300C72888 /* PBXTargetDependency */ = {
			isa = PBXTargetDependency;
			target = 8DC2EF4F0486A6940098B216 /* FeedbackReporter */;
			targetProxy = 9DB634EE0E4DD6E300C72888 /* PBXContainerItemProxy */;
		};
/* End PBXTargetDependency section */

/* Begin PBXVariantGroup section */
		444DCB5E1417D13E00C5636D /* FeedbackReporter.xib */ = {
			isa = PBXVariantGroup;
			children = (
				444DCB5D1417D13E00C5636D /* en */,
				444DCB5F1417D16B00C5636D /* de */,
				444DCB601417D16D00C5636D /* ru */,
				444DCB611417D16F00C5636D /* it */,
				444DCB621417D17100C5636D /* hy */,
				444DCB631417D17300C5636D /* fr */,
				444DCB641417D17500C5636D /* es */,
				444DCB6F1417D21300C5636D /* ar */,
			);
			name = FeedbackReporter.xib;
			path = Resources;
			sourceTree = "<group>";
		};
		444DCB671417D18000C5636D /* App.xib */ = {
			isa = PBXVariantGroup;
			children = (
				444DCB661417D18000C5636D /* en */,
			);
			name = App.xib;
			path = Resources;
			sourceTree = "<group>";
		};
		444DCB701417D2D800C5636D /* FeedbackReporter.strings */ = {
			isa = PBXVariantGroup;
			children = (
				444DCB711417D2D800C5636D /* de */,
				444DCB731417D2E100C5636D /* en */,
				444DCB751417D2E900C5636D /* es */,
				444DCB771417D2F100C5636D /* fr */,
				444DCB791417D2F800C5636D /* hy */,
				444DCB7B1417D30300C5636D /* it */,
				444DCB7D1417D30B00C5636D /* ru */,
				444DCB7F1417D39100C5636D /* ar */,
			);
			name = FeedbackReporter.strings;
			sourceTree = "<group>";
		};
/* End PBXVariantGroup section */

/* Begin XCBuildConfiguration section */
		1DEB91AE08733DA50010E9CD /* Debug */ = {
			isa = XCBuildConfiguration;
			buildSettings = {
				COPY_PHASE_STRIP = NO;
				DYLIB_COMPATIBILITY_VERSION = 1;
				DYLIB_CURRENT_VERSION = 1;
				FRAMEWORK_VERSION = A;
				INFOPLIST_FILE = Sources/Main/Info.plist;
				INSTALL_PATH = "@loader_path/../Frameworks";
				ONLY_ACTIVE_ARCH = NO;
				PRODUCT_NAME = FeedbackReporter;
				WRAPPER_EXTENSION = framework;
			};
			name = Debug;
		};
		1DEB91AF08733DA50010E9CD /* Release */ = {
			isa = XCBuildConfiguration;
			buildSettings = {
				DYLIB_COMPATIBILITY_VERSION = 1;
				DYLIB_CURRENT_VERSION = 1;
				FRAMEWORK_VERSION = A;
				INFOPLIST_FILE = Sources/Main/Info.plist;
				INSTALL_PATH = "@loader_path/../Frameworks";
				ONLY_ACTIVE_ARCH = NO;
				PRODUCT_NAME = FeedbackReporter;
				WRAPPER_EXTENSION = framework;
			};
			name = Release;
		};
		1DEB91B208733DA50010E9CD /* Debug */ = {
			isa = XCBuildConfiguration;
			buildSettings = {
				ALWAYS_SEARCH_USER_PATHS = NO;
				ARCHS = "$(ARCHS_STANDARD_32_64_BIT)";
				CLANG_ANALYZER_SECURITY_FLOATLOOPCOUNTER = YES;
				CLANG_ANALYZER_SECURITY_INSECUREAPI_RAND = YES;
				CLANG_ANALYZER_SECURITY_INSECUREAPI_STRCPY = YES;
				CLANG_WARN_DEPRECATED_OBJC_IMPLEMENTATIONS = YES;
				CLANG_WARN_OBJC_MISSING_PROPERTY_SYNTHESIS = YES;
				CLANG_WARN_OBJC_RECEIVER_WEAK = YES;
				CLANG_WARN_SUSPICIOUS_IMPLICIT_CONVERSION = YES;
				CLANG_WARN__EXIT_TIME_DESTRUCTORS = YES;
				DEBUG_INFORMATION_FORMAT = dwarf;
				GCC_C_LANGUAGE_STANDARD = c99;
				GCC_DYNAMIC_NO_PIC = NO;
				GCC_ENABLE_OBJC_GC = supported;
				GCC_ENABLE_SYMBOL_SEPARATION = YES;
				GCC_OPTIMIZATION_LEVEL = 0;
				GCC_PRECOMPILE_PREFIX_HEADER = YES;
				GCC_PREFIX_HEADER = Sources/Main/FeedbackReporter.pch;
				GCC_WARN_64_TO_32_BIT_CONVERSION = YES;
				GCC_WARN_ABOUT_MISSING_FIELD_INITIALIZERS = YES;
				GCC_WARN_ABOUT_MISSING_NEWLINE = YES;
				GCC_WARN_ABOUT_MISSING_PROTOTYPES = YES;
				GCC_WARN_ABOUT_RETURN_TYPE = YES;
				GCC_WARN_EFFECTIVE_CPLUSPLUS_VIOLATIONS = YES;
				GCC_WARN_FOUR_CHARACTER_CONSTANTS = YES;
				GCC_WARN_HIDDEN_VIRTUAL_FUNCTIONS = YES;
				GCC_WARN_INITIALIZER_NOT_FULLY_BRACKETED = YES;
				GCC_WARN_MISSING_PARENTHESES = YES;
				GCC_WARN_NON_VIRTUAL_DESTRUCTOR = YES;
				GCC_WARN_SHADOW = YES;
				GCC_WARN_SIGN_COMPARE = YES;
				GCC_WARN_UNDECLARED_SELECTOR = YES;
				GCC_WARN_UNKNOWN_PRAGMAS = YES;
				GCC_WARN_UNUSED_FUNCTION = YES;
				GCC_WARN_UNUSED_LABEL = YES;
				GCC_WARN_UNUSED_PARAMETER = NO;
				GCC_WARN_UNUSED_VALUE = YES;
				GCC_WARN_UNUSED_VARIABLE = YES;
				ONLY_ACTIVE_ARCH = YES;
				PRECOMPS_INCLUDE_HEADERS_FROM_BUILT_PRODUCTS_DIR = NO;
			};
			name = Debug;
		};
		1DEB91B308733DA50010E9CD /* Release */ = {
			isa = XCBuildConfiguration;
			buildSettings = {
				ALWAYS_SEARCH_USER_PATHS = NO;
				ARCHS = "$(ARCHS_STANDARD_32_64_BIT)";
				CLANG_ANALYZER_SECURITY_FLOATLOOPCOUNTER = YES;
				CLANG_ANALYZER_SECURITY_INSECUREAPI_RAND = YES;
				CLANG_ANALYZER_SECURITY_INSECUREAPI_STRCPY = YES;
				CLANG_WARN_DEPRECATED_OBJC_IMPLEMENTATIONS = YES;
				CLANG_WARN_OBJC_MISSING_PROPERTY_SYNTHESIS = YES;
				CLANG_WARN_OBJC_RECEIVER_WEAK = YES;
				CLANG_WARN_SUSPICIOUS_IMPLICIT_CONVERSION = YES;
				CLANG_WARN__EXIT_TIME_DESTRUCTORS = YES;
				DEBUG_INFORMATION_FORMAT = dwarf;
				GCC_C_LANGUAGE_STANDARD = c99;
				GCC_DYNAMIC_NO_PIC = NO;
				GCC_ENABLE_OBJC_GC = supported;
				GCC_ENABLE_SYMBOL_SEPARATION = YES;
				GCC_PRECOMPILE_PREFIX_HEADER = YES;
				GCC_PREFIX_HEADER = Sources/Main/FeedbackReporter.pch;
				GCC_WARN_64_TO_32_BIT_CONVERSION = YES;
				GCC_WARN_ABOUT_MISSING_FIELD_INITIALIZERS = YES;
				GCC_WARN_ABOUT_MISSING_NEWLINE = YES;
				GCC_WARN_ABOUT_MISSING_PROTOTYPES = YES;
				GCC_WARN_ABOUT_RETURN_TYPE = YES;
				GCC_WARN_EFFECTIVE_CPLUSPLUS_VIOLATIONS = YES;
				GCC_WARN_FOUR_CHARACTER_CONSTANTS = YES;
				GCC_WARN_HIDDEN_VIRTUAL_FUNCTIONS = YES;
				GCC_WARN_INITIALIZER_NOT_FULLY_BRACKETED = YES;
				GCC_WARN_MISSING_PARENTHESES = YES;
				GCC_WARN_NON_VIRTUAL_DESTRUCTOR = YES;
				GCC_WARN_SHADOW = YES;
				GCC_WARN_SIGN_COMPARE = YES;
				GCC_WARN_UNDECLARED_SELECTOR = YES;
				GCC_WARN_UNINITIALIZED_AUTOS = YES;
				GCC_WARN_UNKNOWN_PRAGMAS = YES;
				GCC_WARN_UNUSED_FUNCTION = YES;
				GCC_WARN_UNUSED_LABEL = YES;
				GCC_WARN_UNUSED_PARAMETER = NO;
				GCC_WARN_UNUSED_VALUE = YES;
				GCC_WARN_UNUSED_VARIABLE = YES;
				ONLY_ACTIVE_ARCH = NO;
				PRECOMPS_INCLUDE_HEADERS_FROM_BUILT_PRODUCTS_DIR = NO;
			};
			name = Release;
		};
		9DA7D6B20DEB8A3500C3B586 /* Debug */ = {
			isa = XCBuildConfiguration;
			buildSettings = {
				COPY_PHASE_STRIP = NO;
				FRAMEWORK_SEARCH_PATHS = "$(DEVELOPER_LIBRARY_DIR)/Frameworks";
				INFOPLIST_FILE = "Sources/Tests/Tests-Info.plist";
				INSTALL_PATH = "$(USER_LIBRARY_DIR)/Bundles";
				ONLY_ACTIVE_ARCH = NO;
				PRODUCT_NAME = Tests;
				WRAPPER_EXTENSION = octest;
			};
			name = Debug;
		};
		9DA7D6B30DEB8A3500C3B586 /* Release */ = {
			isa = XCBuildConfiguration;
			buildSettings = {
				COPY_PHASE_STRIP = YES;
				FRAMEWORK_SEARCH_PATHS = "$(DEVELOPER_LIBRARY_DIR)/Frameworks";
				INFOPLIST_FILE = "Sources/Tests/Tests-Info.plist";
				INSTALL_PATH = "$(USER_LIBRARY_DIR)/Bundles";
				ONLY_ACTIVE_ARCH = NO;
				PRODUCT_NAME = Tests;
				WRAPPER_EXTENSION = octest;
			};
			name = Release;
		};
		9DB634E80E4DD64D00C72888 /* Debug */ = {
			isa = XCBuildConfiguration;
			buildSettings = {
				COPY_PHASE_STRIP = NO;
				GCC_ENABLE_OBJC_GC = unsupported;
				INFOPLIST_FILE = Sources/App/Info.plist;
				INSTALL_PATH = "$(HOME)/Applications";
				PRODUCT_NAME = App;
			};
			name = Debug;
		};
		9DB634E90E4DD64D00C72888 /* Release */ = {
			isa = XCBuildConfiguration;
			buildSettings = {
				COPY_PHASE_STRIP = YES;
				GCC_ENABLE_OBJC_GC = unsupported;
				INFOPLIST_FILE = Sources/App/Info.plist;
				INSTALL_PATH = "$(HOME)/Applications";
				PRODUCT_NAME = App;
			};
			name = Release;
		};
/* End XCBuildConfiguration section */

/* Begin XCConfigurationList section */
		1DEB91AD08733DA50010E9CD /* Build configuration list for PBXNativeTarget "FeedbackReporter" */ = {
			isa = XCConfigurationList;
			buildConfigurations = (
				1DEB91AE08733DA50010E9CD /* Debug */,
				1DEB91AF08733DA50010E9CD /* Release */,
			);
			defaultConfigurationIsVisible = 0;
			defaultConfigurationName = Release;
		};
		1DEB91B108733DA50010E9CD /* Build configuration list for PBXProject "FeedbackReporter" */ = {
			isa = XCConfigurationList;
			buildConfigurations = (
				1DEB91B208733DA50010E9CD /* Debug */,
				1DEB91B308733DA50010E9CD /* Release */,
			);
			defaultConfigurationIsVisible = 0;
			defaultConfigurationName = Release;
		};
		9DA7D6B40DEB8A6400C3B586 /* Build configuration list for PBXNativeTarget "Tests" */ = {
			isa = XCConfigurationList;
			buildConfigurations = (
				9DA7D6B20DEB8A3500C3B586 /* Debug */,
				9DA7D6B30DEB8A3500C3B586 /* Release */,
			);
			defaultConfigurationIsVisible = 0;
			defaultConfigurationName = Release;
		};
		9DB634EA0E4DD64D00C72888 /* Build configuration list for PBXNativeTarget "App" */ = {
			isa = XCConfigurationList;
			buildConfigurations = (
				9DB634E80E4DD64D00C72888 /* Debug */,
				9DB634E90E4DD64D00C72888 /* Release */,
			);
			defaultConfigurationIsVisible = 0;
			defaultConfigurationName = Release;
		};
/* End XCConfigurationList section */
	};
	rootObject = 0867D690FE84028FC02AAC07 /* Project object */;
}
