// !$*UTF8*$!
{
	archiveVersion = 1;
	classes = {
	};
	objectVersion = 45;
	objects = {

/* Begin PBXBuildFile section */
		8DC2EF530486A6940098B216 /* InfoPlist.strings in Resources */ = {isa = PBXBuildFile; fileRef = 089C1666FE841158C02AAC07 /* InfoPlist.strings */; };
		8DC2EF570486A6940098B216 /* Cocoa.framework in Frameworks */ = {isa = PBXBuildFile; fileRef = 1058C7B1FEA5585E11CA2CBB /* Cocoa.framework */; };
		9D0EC0220DF00F250045EB76 /* FRExceptionReportingApplication.h in Headers */ = {isa = PBXBuildFile; fileRef = 9D0EC0200DF00F250045EB76 /* FRExceptionReportingApplication.h */; settings = {ATTRIBUTES = (Public, ); }; };
		9D0EC0230DF00F250045EB76 /* FRExceptionReportingApplication.m in Sources */ = {isa = PBXBuildFile; fileRef = 9D0EC0210DF00F250045EB76 /* FRExceptionReportingApplication.m */; };
		9D0EC0290DF011DB0045EB76 /* NSException+Callstack.h in Headers */ = {isa = PBXBuildFile; fileRef = 9D0EC0270DF011DB0045EB76 /* NSException+Callstack.h */; };
		9D0EC02A0DF011DB0045EB76 /* NSException+Callstack.m in Sources */ = {isa = PBXBuildFile; fileRef = 9D0EC0280DF011DB0045EB76 /* NSException+Callstack.m */; };
		9D291E8E0DF167BB009F859B /* UploaderTestCase.m in Sources */ = {isa = PBXBuildFile; fileRef = 9D291E8D0DF167BB009F859B /* UploaderTestCase.m */; };
		9D4347000DD3B712000F1E48 /* FeedbackReporter.nib in Resources */ = {isa = PBXBuildFile; fileRef = 9D4346FF0DD3B712000F1E48 /* FeedbackReporter.nib */; };
		9D8700290DDC1F9C003249C0 /* Localizable.strings in Resources */ = {isa = PBXBuildFile; fileRef = 9D8700270DDC1F9C003249C0 /* Localizable.strings */; };
		9DA7D6B70DEB8A7800C3B586 /* FeedbackReporter.framework in Frameworks */ = {isa = PBXBuildFile; fileRef = 8DC2EF5B0486A6940098B216 /* FeedbackReporter.framework */; };
		9DA7D6EF0DEB8E5D00C3B586 /* Application.h in Headers */ = {isa = PBXBuildFile; fileRef = 9DA7D6E20DEB8E5D00C3B586 /* Application.h */; };
		9DA7D6F00DEB8E5D00C3B586 /* Application.m in Sources */ = {isa = PBXBuildFile; fileRef = 9DA7D6E30DEB8E5D00C3B586 /* Application.m */; };
		9DA7D6F10DEB8E5D00C3B586 /* Command.h in Headers */ = {isa = PBXBuildFile; fileRef = 9DA7D6E40DEB8E5D00C3B586 /* Command.h */; };
		9DA7D6F20DEB8E5D00C3B586 /* Command.m in Sources */ = {isa = PBXBuildFile; fileRef = 9DA7D6E50DEB8E5D00C3B586 /* Command.m */; };
		9DA7D6F30DEB8E5D00C3B586 /* CrashLogFinder.h in Headers */ = {isa = PBXBuildFile; fileRef = 9DA7D6E60DEB8E5D00C3B586 /* CrashLogFinder.h */; };
		9DA7D6F40DEB8E5D00C3B586 /* CrashLogFinder.m in Sources */ = {isa = PBXBuildFile; fileRef = 9DA7D6E70DEB8E5D00C3B586 /* CrashLogFinder.m */; };
		9DA7D6F50DEB8E5D00C3B586 /* FeedbackController.h in Headers */ = {isa = PBXBuildFile; fileRef = 9DA7D6E80DEB8E5D00C3B586 /* FeedbackController.h */; };
		9DA7D6F60DEB8E5D00C3B586 /* FeedbackController.m in Sources */ = {isa = PBXBuildFile; fileRef = 9DA7D6E90DEB8E5D00C3B586 /* FeedbackController.m */; };
		9DA7D6F70DEB8E5D00C3B586 /* FRFeedbackReporter.h in Headers */ = {isa = PBXBuildFile; fileRef = 9DA7D6EA0DEB8E5D00C3B586 /* FRFeedbackReporter.h */; settings = {ATTRIBUTES = (Public, ); }; };
		9DA7D6F80DEB8E5D00C3B586 /* FRFeedbackReporter.m in Sources */ = {isa = PBXBuildFile; fileRef = 9DA7D6EB0DEB8E5D00C3B586 /* FRFeedbackReporter.m */; };
		9DA7D6FA0DEB8E5D00C3B586 /* Uploader.h in Headers */ = {isa = PBXBuildFile; fileRef = 9DA7D6ED0DEB8E5D00C3B586 /* Uploader.h */; };
		9DA7D6FB0DEB8E5D00C3B586 /* Uploader.m in Sources */ = {isa = PBXBuildFile; fileRef = 9DA7D6EE0DEB8E5D00C3B586 /* Uploader.m */; };
		9DA7D6FF0DEB8E9100C3B586 /* CommandTestCase.m in Sources */ = {isa = PBXBuildFile; fileRef = 9DA7D6FD0DEB8E9100C3B586 /* CommandTestCase.m */; };
		9DCF52A90DEC0D8A00EBF810 /* SystemDiscoveryTestCase.m in Sources */ = {isa = PBXBuildFile; fileRef = 9DCF52A80DEC0D8A00EBF810 /* SystemDiscoveryTestCase.m */; };
		9DCF52AC0DEC0E4300EBF810 /* SystemDiscovery.h in Headers */ = {isa = PBXBuildFile; fileRef = 9DCF52AA0DEC0E4300EBF810 /* SystemDiscovery.h */; };
		9DCF52AD0DEC0E4300EBF810 /* SystemDiscovery.m in Sources */ = {isa = PBXBuildFile; fileRef = 9DCF52AB0DEC0E4300EBF810 /* SystemDiscovery.m */; };
/* End PBXBuildFile section */

/* Begin PBXContainerItemProxy section */
		9DA7D6B50DEB8A7000C3B586 /* PBXContainerItemProxy */ = {
			isa = PBXContainerItemProxy;
			containerPortal = 0867D690FE84028FC02AAC07 /* Project object */;
			proxyType = 1;
			remoteGlobalIDString = 8DC2EF4F0486A6940098B216;
			remoteInfo = FeedbackReporter;
		};
/* End PBXContainerItemProxy section */

/* Begin PBXFileReference section */
		0867D69BFE84028FC02AAC07 /* Foundation.framework */ = {isa = PBXFileReference; lastKnownFileType = wrapper.framework; name = Foundation.framework; path = /System/Library/Frameworks/Foundation.framework; sourceTree = "<absolute>"; };
		0867D6A5FE840307C02AAC07 /* AppKit.framework */ = {isa = PBXFileReference; lastKnownFileType = wrapper.framework; name = AppKit.framework; path = /System/Library/Frameworks/AppKit.framework; sourceTree = "<absolute>"; };
		089C1667FE841158C02AAC07 /* English */ = {isa = PBXFileReference; fileEncoding = 10; lastKnownFileType = text.plist.strings; name = English; path = English.lproj/InfoPlist.strings; sourceTree = "<group>"; };
		1058C7B1FEA5585E11CA2CBB /* Cocoa.framework */ = {isa = PBXFileReference; lastKnownFileType = wrapper.framework; name = Cocoa.framework; path = /System/Library/Frameworks/Cocoa.framework; sourceTree = "<absolute>"; };
		32DBCF5E0370ADEE00C91783 /* FeedbackReporter_Prefix.pch */ = {isa = PBXFileReference; fileEncoding = 4; lastKnownFileType = sourcecode.c.h; path = FeedbackReporter_Prefix.pch; sourceTree = "<group>"; };
		8DC2EF5B0486A6940098B216 /* FeedbackReporter.framework */ = {isa = PBXFileReference; explicitFileType = wrapper.framework; includeInIndex = 0; path = FeedbackReporter.framework; sourceTree = BUILT_PRODUCTS_DIR; };
		9D0EC0200DF00F250045EB76 /* FRExceptionReportingApplication.h */ = {isa = PBXFileReference; fileEncoding = 4; lastKnownFileType = sourcecode.c.h; name = FRExceptionReportingApplication.h; path = Sources/Main/FRExceptionReportingApplication.h; sourceTree = "<group>"; };
		9D0EC0210DF00F250045EB76 /* FRExceptionReportingApplication.m */ = {isa = PBXFileReference; fileEncoding = 4; lastKnownFileType = sourcecode.c.objc; name = FRExceptionReportingApplication.m; path = Sources/Main/FRExceptionReportingApplication.m; sourceTree = "<group>"; };
		9D0EC0270DF011DB0045EB76 /* NSException+Callstack.h */ = {isa = PBXFileReference; fileEncoding = 4; lastKnownFileType = sourcecode.c.h; name = "NSException+Callstack.h"; path = "Sources/Main/NSException+Callstack.h"; sourceTree = "<group>"; };
		9D0EC0280DF011DB0045EB76 /* NSException+Callstack.m */ = {isa = PBXFileReference; fileEncoding = 4; lastKnownFileType = sourcecode.c.objc; name = "NSException+Callstack.m"; path = "Sources/Main/NSException+Callstack.m"; sourceTree = "<group>"; };
		9D291E8C0DF167BB009F859B /* UploaderTestCase.h */ = {isa = PBXFileReference; fileEncoding = 4; lastKnownFileType = sourcecode.c.h; name = UploaderTestCase.h; path = Sources/Tests/UploaderTestCase.h; sourceTree = "<group>"; };
		9D291E8D0DF167BB009F859B /* UploaderTestCase.m */ = {isa = PBXFileReference; fileEncoding = 4; lastKnownFileType = sourcecode.c.objc; name = UploaderTestCase.m; path = Sources/Tests/UploaderTestCase.m; sourceTree = "<group>"; };
		9D4346FF0DD3B712000F1E48 /* FeedbackReporter.nib */ = {isa = PBXFileReference; lastKnownFileType = wrapper.nib; name = FeedbackReporter.nib; path = Resources/FeedbackReporter.nib; sourceTree = "<group>"; };
		9D8700280DDC1F9C003249C0 /* English */ = {isa = PBXFileReference; fileEncoding = 4; lastKnownFileType = text.plist.strings; name = English; path = English.lproj/Localizable.strings; sourceTree = "<group>"; };
		9D90077A0DEB96C10000330E /* Info.plist */ = {isa = PBXFileReference; fileEncoding = 4; lastKnownFileType = text.plist.xml; name = Info.plist; path = Sources/Main/Info.plist; sourceTree = "<group>"; };
		9D90077F0DEB96D40000330E /* Tests-Info.plist */ = {isa = PBXFileReference; fileEncoding = 4; lastKnownFileType = text.plist.xml; name = "Tests-Info.plist"; path = "Sources/Tests/Tests-Info.plist"; sourceTree = SOURCE_ROOT; };
		9DA7D6B10DEB8A3500C3B586 /* Tests.octest */ = {isa = PBXFileReference; explicitFileType = wrapper.cfbundle; includeInIndex = 0; path = Tests.octest; sourceTree = BUILT_PRODUCTS_DIR; };
		9DA7D6E20DEB8E5D00C3B586 /* Application.h */ = {isa = PBXFileReference; fileEncoding = 4; lastKnownFileType = sourcecode.c.h; name = Application.h; path = Sources/Main/Application.h; sourceTree = SOURCE_ROOT; };
		9DA7D6E30DEB8E5D00C3B586 /* Application.m */ = {isa = PBXFileReference; fileEncoding = 4; lastKnownFileType = sourcecode.c.objc; name = Application.m; path = Sources/Main/Application.m; sourceTree = SOURCE_ROOT; };
		9DA7D6E40DEB8E5D00C3B586 /* Command.h */ = {isa = PBXFileReference; fileEncoding = 4; lastKnownFileType = sourcecode.c.h; name = Command.h; path = Sources/Main/Command.h; sourceTree = SOURCE_ROOT; };
		9DA7D6E50DEB8E5D00C3B586 /* Command.m */ = {isa = PBXFileReference; fileEncoding = 4; lastKnownFileType = sourcecode.c.objc; name = Command.m; path = Sources/Main/Command.m; sourceTree = SOURCE_ROOT; };
		9DA7D6E60DEB8E5D00C3B586 /* CrashLogFinder.h */ = {isa = PBXFileReference; fileEncoding = 4; lastKnownFileType = sourcecode.c.h; name = CrashLogFinder.h; path = Sources/Main/CrashLogFinder.h; sourceTree = SOURCE_ROOT; };
		9DA7D6E70DEB8E5D00C3B586 /* CrashLogFinder.m */ = {isa = PBXFileReference; fileEncoding = 4; lastKnownFileType = sourcecode.c.objc; name = CrashLogFinder.m; path = Sources/Main/CrashLogFinder.m; sourceTree = SOURCE_ROOT; };
		9DA7D6E80DEB8E5D00C3B586 /* FeedbackController.h */ = {isa = PBXFileReference; fileEncoding = 4; lastKnownFileType = sourcecode.c.h; name = FeedbackController.h; path = Sources/Main/FeedbackController.h; sourceTree = SOURCE_ROOT; };
		9DA7D6E90DEB8E5D00C3B586 /* FeedbackController.m */ = {isa = PBXFileReference; fileEncoding = 4; lastKnownFileType = sourcecode.c.objc; name = FeedbackController.m; path = Sources/Main/FeedbackController.m; sourceTree = SOURCE_ROOT; };
		9DA7D6EA0DEB8E5D00C3B586 /* FRFeedbackReporter.h */ = {isa = PBXFileReference; fileEncoding = 4; lastKnownFileType = sourcecode.c.h; name = FRFeedbackReporter.h; path = Sources/Main/FRFeedbackReporter.h; sourceTree = SOURCE_ROOT; };
		9DA7D6EB0DEB8E5D00C3B586 /* FRFeedbackReporter.m */ = {isa = PBXFileReference; fileEncoding = 4; lastKnownFileType = sourcecode.c.objc; name = FRFeedbackReporter.m; path = Sources/Main/FRFeedbackReporter.m; sourceTree = SOURCE_ROOT; };
		9DA7D6ED0DEB8E5D00C3B586 /* Uploader.h */ = {isa = PBXFileReference; fileEncoding = 4; lastKnownFileType = sourcecode.c.h; name = Uploader.h; path = Sources/Main/Uploader.h; sourceTree = SOURCE_ROOT; };
		9DA7D6EE0DEB8E5D00C3B586 /* Uploader.m */ = {isa = PBXFileReference; fileEncoding = 4; lastKnownFileType = sourcecode.c.objc; name = Uploader.m; path = Sources/Main/Uploader.m; sourceTree = SOURCE_ROOT; };
		9DA7D6FC0DEB8E9100C3B586 /* CommandTestCase.h */ = {isa = PBXFileReference; fileEncoding = 4; lastKnownFileType = sourcecode.c.h; name = CommandTestCase.h; path = Sources/Tests/CommandTestCase.h; sourceTree = "<group>"; };
		9DA7D6FD0DEB8E9100C3B586 /* CommandTestCase.m */ = {isa = PBXFileReference; fileEncoding = 4; lastKnownFileType = sourcecode.c.objc; name = CommandTestCase.m; path = Sources/Tests/CommandTestCase.m; sourceTree = "<group>"; };
		9DCF52A70DEC0D8A00EBF810 /* SystemDiscoveryTestCase.h */ = {isa = PBXFileReference; fileEncoding = 4; lastKnownFileType = sourcecode.c.h; name = SystemDiscoveryTestCase.h; path = Sources/Tests/SystemDiscoveryTestCase.h; sourceTree = "<group>"; };
		9DCF52A80DEC0D8A00EBF810 /* SystemDiscoveryTestCase.m */ = {isa = PBXFileReference; fileEncoding = 4; lastKnownFileType = sourcecode.c.objc; name = SystemDiscoveryTestCase.m; path = Sources/Tests/SystemDiscoveryTestCase.m; sourceTree = "<group>"; };
		9DCF52AA0DEC0E4300EBF810 /* SystemDiscovery.h */ = {isa = PBXFileReference; fileEncoding = 4; lastKnownFileType = sourcecode.c.h; name = SystemDiscovery.h; path = Sources/Main/SystemDiscovery.h; sourceTree = "<group>"; };
		9DCF52AB0DEC0E4300EBF810 /* SystemDiscovery.m */ = {isa = PBXFileReference; fileEncoding = 4; lastKnownFileType = sourcecode.c.objc; name = SystemDiscovery.m; path = Sources/Main/SystemDiscovery.m; sourceTree = "<group>"; };
		D2F7E79907B2D74100F64583 /* CoreData.framework */ = {isa = PBXFileReference; lastKnownFileType = wrapper.framework; name = CoreData.framework; path = /System/Library/Frameworks/CoreData.framework; sourceTree = "<absolute>"; };
/* End PBXFileReference section */

/* Begin PBXFrameworksBuildPhase section */
		8DC2EF560486A6940098B216 /* Frameworks */ = {
			isa = PBXFrameworksBuildPhase;
			buildActionMask = 2147483647;
			files = (
				8DC2EF570486A6940098B216 /* Cocoa.framework in Frameworks */,
			);
			runOnlyForDeploymentPostprocessing = 0;
		};
		9DA7D6AE0DEB8A3500C3B586 /* Frameworks */ = {
			isa = PBXFrameworksBuildPhase;
			buildActionMask = 2147483647;
			files = (
				9DA7D6B70DEB8A7800C3B586 /* FeedbackReporter.framework in Frameworks */,
			);
			runOnlyForDeploymentPostprocessing = 0;
		};
/* End PBXFrameworksBuildPhase section */

/* Begin PBXGroup section */
		034768DFFF38A50411DB9C8B /* Products */ = {
			isa = PBXGroup;
			children = (
				8DC2EF5B0486A6940098B216 /* FeedbackReporter.framework */,
				9DA7D6B10DEB8A3500C3B586 /* Tests.octest */,
			);
			name = Products;
			sourceTree = "<group>";
		};
		0867D691FE84028FC02AAC07 /* FeedbackReporter */ = {
			isa = PBXGroup;
			children = (
				9DA7D6900DEB87B300C3B586 /* Tests */,
				08FB77AEFE84172EC02AAC07 /* Main */,
				32C88DFF0371C24200C91783 /* Other Sources */,
				089C1665FE841158C02AAC07 /* Resources */,
				0867D69AFE84028FC02AAC07 /* External Frameworks and Libraries */,
				034768DFFF38A50411DB9C8B /* Products */,
			);
			name = FeedbackReporter;
			sourceTree = "<group>";
		};
		0867D69AFE84028FC02AAC07 /* External Frameworks and Libraries */ = {
			isa = PBXGroup;
			children = (
				1058C7B0FEA5585E11CA2CBB /* Linked Frameworks */,
				1058C7B2FEA5585E11CA2CBB /* Other Frameworks */,
			);
			name = "External Frameworks and Libraries";
			sourceTree = "<group>";
		};
		089C1665FE841158C02AAC07 /* Resources */ = {
			isa = PBXGroup;
			children = (
				9D4346FF0DD3B712000F1E48 /* FeedbackReporter.nib */,
				9D8700270DDC1F9C003249C0 /* Localizable.strings */,
				089C1666FE841158C02AAC07 /* InfoPlist.strings */,
			);
			name = Resources;
			sourceTree = "<group>";
		};
		08FB77AEFE84172EC02AAC07 /* Main */ = {
			isa = PBXGroup;
			children = (
				9DA7D6E20DEB8E5D00C3B586 /* Application.h */,
				9DA7D6E30DEB8E5D00C3B586 /* Application.m */,
				9DA7D6E40DEB8E5D00C3B586 /* Command.h */,
				9DA7D6E50DEB8E5D00C3B586 /* Command.m */,
				9DA7D6E60DEB8E5D00C3B586 /* CrashLogFinder.h */,
				9DA7D6E70DEB8E5D00C3B586 /* CrashLogFinder.m */,
				9DCF52AA0DEC0E4300EBF810 /* SystemDiscovery.h */,
				9DCF52AB0DEC0E4300EBF810 /* SystemDiscovery.m */,
				9DA7D6E80DEB8E5D00C3B586 /* FeedbackController.h */,
				9DA7D6E90DEB8E5D00C3B586 /* FeedbackController.m */,
				9DA7D6ED0DEB8E5D00C3B586 /* Uploader.h */,
				9DA7D6EE0DEB8E5D00C3B586 /* Uploader.m */,
				9DA7D6EA0DEB8E5D00C3B586 /* FRFeedbackReporter.h */,
				9DA7D6EB0DEB8E5D00C3B586 /* FRFeedbackReporter.m */,
				9D0EC0200DF00F250045EB76 /* FRExceptionReportingApplication.h */,
				9D0EC0210DF00F250045EB76 /* FRExceptionReportingApplication.m */,
				9D90077A0DEB96C10000330E /* Info.plist */,
				9D0EC0270DF011DB0045EB76 /* NSException+Callstack.h */,
				9D0EC0280DF011DB0045EB76 /* NSException+Callstack.m */,
			);
			name = Main;
			sourceTree = "<group>";
		};
		1058C7B0FEA5585E11CA2CBB /* Linked Frameworks */ = {
			isa = PBXGroup;
			children = (
				1058C7B1FEA5585E11CA2CBB /* Cocoa.framework */,
			);
			name = "Linked Frameworks";
			sourceTree = "<group>";
		};
		1058C7B2FEA5585E11CA2CBB /* Other Frameworks */ = {
			isa = PBXGroup;
			children = (
				0867D6A5FE840307C02AAC07 /* AppKit.framework */,
				D2F7E79907B2D74100F64583 /* CoreData.framework */,
				0867D69BFE84028FC02AAC07 /* Foundation.framework */,
			);
			name = "Other Frameworks";
			sourceTree = "<group>";
		};
		32C88DFF0371C24200C91783 /* Other Sources */ = {
			isa = PBXGroup;
			children = (
				32DBCF5E0370ADEE00C91783 /* FeedbackReporter_Prefix.pch */,
			);
			name = "Other Sources";
			sourceTree = "<group>";
		};
		9DA7D6900DEB87B300C3B586 /* Tests */ = {
			isa = PBXGroup;
			children = (
				9DA7D6FC0DEB8E9100C3B586 /* CommandTestCase.h */,
				9DA7D6FD0DEB8E9100C3B586 /* CommandTestCase.m */,
				9DCF52A70DEC0D8A00EBF810 /* SystemDiscoveryTestCase.h */,
				9DCF52A80DEC0D8A00EBF810 /* SystemDiscoveryTestCase.m */,
				9D291E8C0DF167BB009F859B /* UploaderTestCase.h */,
				9D291E8D0DF167BB009F859B /* UploaderTestCase.m */,
				9D90077F0DEB96D40000330E /* Tests-Info.plist */,
			);
			name = Tests;
			sourceTree = "<group>";
		};
/* End PBXGroup section */

/* Begin PBXHeadersBuildPhase section */
		8DC2EF500486A6940098B216 /* Headers */ = {
			isa = PBXHeadersBuildPhase;
			buildActionMask = 2147483647;
			files = (
				9DA7D6EF0DEB8E5D00C3B586 /* Application.h in Headers */,
				9DA7D6F10DEB8E5D00C3B586 /* Command.h in Headers */,
				9DA7D6F30DEB8E5D00C3B586 /* CrashLogFinder.h in Headers */,
				9DA7D6F50DEB8E5D00C3B586 /* FeedbackController.h in Headers */,
				9DA7D6F70DEB8E5D00C3B586 /* FRFeedbackReporter.h in Headers */,
				9DA7D6FA0DEB8E5D00C3B586 /* Uploader.h in Headers */,
				9DCF52AC0DEC0E4300EBF810 /* SystemDiscovery.h in Headers */,
				9D0EC0220DF00F250045EB76 /* FRExceptionReportingApplication.h in Headers */,
				9D0EC0290DF011DB0045EB76 /* NSException+Callstack.h in Headers */,
			);
			runOnlyForDeploymentPostprocessing = 0;
		};
/* End PBXHeadersBuildPhase section */

/* Begin PBXNativeTarget section */
		8DC2EF4F0486A6940098B216 /* FeedbackReporter */ = {
			isa = PBXNativeTarget;
			buildConfigurationList = 1DEB91AD08733DA50010E9CD /* Build configuration list for PBXNativeTarget "FeedbackReporter" */;
			buildPhases = (
				8DC2EF500486A6940098B216 /* Headers */,
				8DC2EF520486A6940098B216 /* Resources */,
				8DC2EF540486A6940098B216 /* Sources */,
				8DC2EF560486A6940098B216 /* Frameworks */,
			);
			buildRules = (
			);
			dependencies = (
			);
			name = FeedbackReporter;
			productInstallPath = "$(HOME)/Library/Frameworks";
			productName = FeedbackReporter;
			productReference = 8DC2EF5B0486A6940098B216 /* FeedbackReporter.framework */;
			productType = "com.apple.product-type.framework";
		};
		9DA7D6B00DEB8A3500C3B586 /* Tests */ = {
			isa = PBXNativeTarget;
			buildConfigurationList = 9DA7D6B40DEB8A6400C3B586 /* Build configuration list for PBXNativeTarget "Tests" */;
			buildPhases = (
				9DA7D6AC0DEB8A3500C3B586 /* Resources */,
				9DA7D6AD0DEB8A3500C3B586 /* Sources */,
				9DA7D6AE0DEB8A3500C3B586 /* Frameworks */,
				9DA7D6AF0DEB8A3500C3B586 /* ShellScript */,
			);
			buildRules = (
			);
			dependencies = (
				9DA7D6B60DEB8A7000C3B586 /* PBXTargetDependency */,
			);
			name = Tests;
			productName = Tests;
			productReference = 9DA7D6B10DEB8A3500C3B586 /* Tests.octest */;
			productType = "com.apple.product-type.bundle";
		};
/* End PBXNativeTarget section */

/* Begin PBXProject section */
		0867D690FE84028FC02AAC07 /* Project object */ = {
			isa = PBXProject;
			buildConfigurationList = 1DEB91B108733DA50010E9CD /* Build configuration list for PBXProject "FeedbackReporter" */;
			compatibilityVersion = "Xcode 3.1";
			hasScannedForEncodings = 1;
			mainGroup = 0867D691FE84028FC02AAC07 /* FeedbackReporter */;
			productRefGroup = 034768DFFF38A50411DB9C8B /* Products */;
			projectDirPath = "";
			projectRoot = "";
			targets = (
				8DC2EF4F0486A6940098B216 /* FeedbackReporter */,
				9DA7D6B00DEB8A3500C3B586 /* Tests */,
			);
		};
/* End PBXProject section */

/* Begin PBXResourcesBuildPhase section */
		8DC2EF520486A6940098B216 /* Resources */ = {
			isa = PBXResourcesBuildPhase;
			buildActionMask = 2147483647;
			files = (
				8DC2EF530486A6940098B216 /* InfoPlist.strings in Resources */,
				9D4347000DD3B712000F1E48 /* FeedbackReporter.nib in Resources */,
				9D8700290DDC1F9C003249C0 /* Localizable.strings in Resources */,
			);
			runOnlyForDeploymentPostprocessing = 0;
		};
		9DA7D6AC0DEB8A3500C3B586 /* Resources */ = {
			isa = PBXResourcesBuildPhase;
			buildActionMask = 2147483647;
			files = (
			);
			runOnlyForDeploymentPostprocessing = 0;
		};
/* End PBXResourcesBuildPhase section */

/* Begin PBXShellScriptBuildPhase section */
		9DA7D6AF0DEB8A3500C3B586 /* ShellScript */ = {
			isa = PBXShellScriptBuildPhase;
			buildActionMask = 2147483647;
			files = (
			);
			inputPaths = (
			);
			outputPaths = (
			);
			runOnlyForDeploymentPostprocessing = 0;
			shellPath = /bin/sh;
			shellScript = "# Run the unit tests in this test bundle.\n\"${SYSTEM_DEVELOPER_DIR}/Tools/RunUnitTests\"\n";
		};
/* End PBXShellScriptBuildPhase section */

/* Begin PBXSourcesBuildPhase section */
		8DC2EF540486A6940098B216 /* Sources */ = {
			isa = PBXSourcesBuildPhase;
			buildActionMask = 2147483647;
			files = (
				9DA7D6F00DEB8E5D00C3B586 /* Application.m in Sources */,
				9DA7D6F20DEB8E5D00C3B586 /* Command.m in Sources */,
				9DA7D6F40DEB8E5D00C3B586 /* CrashLogFinder.m in Sources */,
				9DA7D6F60DEB8E5D00C3B586 /* FeedbackController.m in Sources */,
				9DA7D6F80DEB8E5D00C3B586 /* FRFeedbackReporter.m in Sources */,
				9DA7D6FB0DEB8E5D00C3B586 /* Uploader.m in Sources */,
				9DCF52AD0DEC0E4300EBF810 /* SystemDiscovery.m in Sources */,
				9D0EC0230DF00F250045EB76 /* FRExceptionReportingApplication.m in Sources */,
				9D0EC02A0DF011DB0045EB76 /* NSException+Callstack.m in Sources */,
			);
			runOnlyForDeploymentPostprocessing = 0;
		};
		9DA7D6AD0DEB8A3500C3B586 /* Sources */ = {
			isa = PBXSourcesBuildPhase;
			buildActionMask = 2147483647;
			files = (
				9DA7D6FF0DEB8E9100C3B586 /* CommandTestCase.m in Sources */,
				9DCF52A90DEC0D8A00EBF810 /* SystemDiscoveryTestCase.m in Sources */,
				9D291E8E0DF167BB009F859B /* UploaderTestCase.m in Sources */,
			);
			runOnlyForDeploymentPostprocessing = 0;
		};
/* End PBXSourcesBuildPhase section */

/* Begin PBXTargetDependency section */
		9DA7D6B60DEB8A7000C3B586 /* PBXTargetDependency */ = {
			isa = PBXTargetDependency;
			target = 8DC2EF4F0486A6940098B216 /* FeedbackReporter */;
			targetProxy = 9DA7D6B50DEB8A7000C3B586 /* PBXContainerItemProxy */;
		};
/* End PBXTargetDependency section */

/* Begin PBXVariantGroup section */
		089C1666FE841158C02AAC07 /* InfoPlist.strings */ = {
			isa = PBXVariantGroup;
			children = (
				089C1667FE841158C02AAC07 /* English */,
			);
			name = InfoPlist.strings;
			sourceTree = "<group>";
		};
		9D8700270DDC1F9C003249C0 /* Localizable.strings */ = {
			isa = PBXVariantGroup;
			children = (
				9D8700280DDC1F9C003249C0 /* English */,
			);
			name = Localizable.strings;
			sourceTree = SOURCE_ROOT;
		};
/* End PBXVariantGroup section */

/* Begin XCBuildConfiguration section */
		1DEB91AE08733DA50010E9CD /* Debug */ = {
			isa = XCBuildConfiguration;
			buildSettings = {
				ALWAYS_SEARCH_USER_PATHS = YES;
				COPY_PHASE_STRIP = NO;
				DEBUG_INFORMATION_FORMAT = dwarf;
				DYLIB_COMPATIBILITY_VERSION = 1;
				DYLIB_CURRENT_VERSION = 1;
				FRAMEWORK_SEARCH_PATHS = (
					"$(inherited)",
					"\"$(SDKROOT)/../MacOSX10.4u.sdk/System/Library/Frameworks\"",
				);
				FRAMEWORK_VERSION = A;
				GCC_C_LANGUAGE_STANDARD = gnu99;
				GCC_DYNAMIC_NO_PIC = NO;
				GCC_ENABLE_FIX_AND_CONTINUE = YES;
				GCC_MODEL_TUNING = G5;
				GCC_OPTIMIZATION_LEVEL = 0;
				GCC_PRECOMPILE_PREFIX_HEADER = YES;
				GCC_PREFIX_HEADER = FeedbackReporter_Prefix.pch;
				INFOPLIST_FILE = Sources/Main/Info.plist;
				INSTALL_PATH = "@executable_path/../Frameworks.";
				ONLY_ACTIVE_ARCH = NO;
				PRODUCT_NAME = FeedbackReporter;
				SDKROOT = macosx10.4;
				WRAPPER_EXTENSION = framework;
			};
			name = Debug;
		};
		1DEB91AF08733DA50010E9CD /* Release */ = {
			isa = XCBuildConfiguration;
			buildSettings = {
				ALWAYS_SEARCH_USER_PATHS = YES;
				DEBUG_INFORMATION_FORMAT = dwarf;
				DYLIB_COMPATIBILITY_VERSION = 1;
				DYLIB_CURRENT_VERSION = 1;
				FRAMEWORK_SEARCH_PATHS = (
					"$(inherited)",
					"\"$(SDKROOT)/../MacOSX10.4u.sdk/System/Library/Frameworks\"",
				);
				FRAMEWORK_VERSION = A;
				GCC_C_LANGUAGE_STANDARD = gnu99;
				GCC_MODEL_TUNING = G5;
				GCC_PRECOMPILE_PREFIX_HEADER = YES;
				GCC_PREFIX_HEADER = FeedbackReporter_Prefix.pch;
				INFOPLIST_FILE = Sources/Main/Info.plist;
				INSTALL_PATH = "@executable_path/../Frameworks";
				ONLY_ACTIVE_ARCH = NO;
				PRODUCT_NAME = FeedbackReporter;
				SDKROOT = macosx10.4;
				WRAPPER_EXTENSION = framework;
			};
			name = Release;
		};
		1DEB91B208733DA50010E9CD /* Debug */ = {
			isa = XCBuildConfiguration;
			buildSettings = {
				ALWAYS_SEARCH_USER_PATHS = NO;
				ARCHS = "$(ARCHS_STANDARD_32_BIT)";
				GCC_C_LANGUAGE_STANDARD = c99;
				GCC_OPTIMIZATION_LEVEL = 0;
				GCC_WARN_ABOUT_RETURN_TYPE = YES;
				GCC_WARN_UNUSED_VARIABLE = YES;
				ONLY_ACTIVE_ARCH = YES;
				PREBINDING = NO;
				SDKROOT = macosx10.5;
			};
			name = Debug;
		};
		1DEB91B308733DA50010E9CD /* Release */ = {
			isa = XCBuildConfiguration;
			buildSettings = {
				ALWAYS_SEARCH_USER_PATHS = NO;
				ARCHS = "$(ARCHS_STANDARD_32_BIT)";
				GCC_C_LANGUAGE_STANDARD = c99;
				GCC_WARN_ABOUT_RETURN_TYPE = YES;
				GCC_WARN_UNUSED_VARIABLE = YES;
				PREBINDING = NO;
				SDKROOT = macosx10.5;
			};
			name = Release;
		};
		9DA7D6B20DEB8A3500C3B586 /* Debug */ = {
			isa = XCBuildConfiguration;
			buildSettings = {
				ALWAYS_SEARCH_USER_PATHS = NO;
				ARCHS = "$(ARCHS_STANDARD_32_BIT)";
				COPY_PHASE_STRIP = NO;
				DEBUG_INFORMATION_FORMAT = dwarf;
				FRAMEWORK_SEARCH_PATHS = "$(DEVELOPER_LIBRARY_DIR)/Frameworks";
				GCC_C_LANGUAGE_STANDARD = gnu99;
				GCC_DYNAMIC_NO_PIC = NO;
				GCC_ENABLE_FIX_AND_CONTINUE = NO;
				GCC_ENABLE_OBJC_EXCEPTIONS = YES;
				GCC_MODEL_TUNING = G5;
				GCC_OPTIMIZATION_LEVEL = 0;
				GCC_PRECOMPILE_PREFIX_HEADER = YES;
				GCC_PREFIX_HEADER = "$(SYSTEM_LIBRARY_DIR)/Frameworks/Cocoa.framework/Headers/Cocoa.h";
				INFOPLIST_FILE = "Sources/Tests/Tests-Info.plist";
				INSTALL_PATH = "$(USER_LIBRARY_DIR)/Bundles";
				ONLY_ACTIVE_ARCH = NO;
				OTHER_LDFLAGS = (
					"-framework",
					Cocoa,
					"-framework",
					SenTestingKit,
				);
				PREBINDING = NO;
				PRODUCT_NAME = Tests;
				SDKROOT = macosx10.4;
				WRAPPER_EXTENSION = octest;
			};
			name = Debug;
		};
		9DA7D6B30DEB8A3500C3B586 /* Release */ = {
			isa = XCBuildConfiguration;
			buildSettings = {
				ALWAYS_SEARCH_USER_PATHS = NO;
				ARCHS = "$(ARCHS_STANDARD_32_BIT)";
				COPY_PHASE_STRIP = YES;
				DEBUG_INFORMATION_FORMAT = dwarf;
				FRAMEWORK_SEARCH_PATHS = "$(DEVELOPER_LIBRARY_DIR)/Frameworks";
				GCC_C_LANGUAGE_STANDARD = gnu99;
				GCC_ENABLE_FIX_AND_CONTINUE = NO;
				GCC_ENABLE_OBJC_EXCEPTIONS = YES;
				GCC_MODEL_TUNING = G5;
				GCC_PRECOMPILE_PREFIX_HEADER = YES;
				GCC_PREFIX_HEADER = "$(SYSTEM_LIBRARY_DIR)/Frameworks/Cocoa.framework/Headers/Cocoa.h";
				INFOPLIST_FILE = "Sources/Tests/Tests-Info.plist";
				INSTALL_PATH = "$(USER_LIBRARY_DIR)/Bundles";
				ONLY_ACTIVE_ARCH = NO;
				OTHER_LDFLAGS = (
					"-framework",
					Cocoa,
					"-framework",
					SenTestingKit,
				);
				PREBINDING = NO;
				PRODUCT_NAME = Tests;
				SDKROOT = macosx10.4;
				WRAPPER_EXTENSION = octest;
				ZERO_LINK = NO;
			};
			name = Release;
		};
/* End XCBuildConfiguration section */

/* Begin XCConfigurationList section */
		1DEB91AD08733DA50010E9CD /* Build configuration list for PBXNativeTarget "FeedbackReporter" */ = {
			isa = XCConfigurationList;
			buildConfigurations = (
				1DEB91AE08733DA50010E9CD /* Debug */,
				1DEB91AF08733DA50010E9CD /* Release */,
			);
			defaultConfigurationIsVisible = 0;
			defaultConfigurationName = Release;
		};
		1DEB91B108733DA50010E9CD /* Build configuration list for PBXProject "FeedbackReporter" */ = {
			isa = XCConfigurationList;
			buildConfigurations = (
				1DEB91B208733DA50010E9CD /* Debug */,
				1DEB91B308733DA50010E9CD /* Release */,
			);
			defaultConfigurationIsVisible = 0;
			defaultConfigurationName = Release;
		};
		9DA7D6B40DEB8A6400C3B586 /* Build configuration list for PBXNativeTarget "Tests" */ = {
			isa = XCConfigurationList;
			buildConfigurations = (
				9DA7D6B20DEB8A3500C3B586 /* Debug */,
				9DA7D6B30DEB8A3500C3B586 /* Release */,
			);
			defaultConfigurationIsVisible = 0;
			defaultConfigurationName = Release;
		};
/* End XCConfigurationList section */
	};
	rootObject = 0867D690FE84028FC02AAC07 /* Project object */;
}
